
Microsoft Visual Studio Solution File, Format Version 12.00
# Visual Studio Version 16
VisualStudioVersion = 16.0.31019.35
MinimumVisualStudioVersion = 10.0.40219.1
Project("{FAE04EC0-301F-11D3-BF4B-00C04F79EFBC}") = "Comissao", "Comissao\Comissao.csproj", "{EB05090A-B47D-4BFF-873A-42D1D066D355}"
EndProject
Project("{FAE04EC0-301F-11D3-BF4B-00C04F79EFBC}") = "DAL", "DAL\DAL.csproj", "{AB8484A2-F8EA-4B5C-9F6A-DB8A68E7F5B4}"
EndProject
Global
	GlobalSection(SolutionConfigurationPlatforms) = preSolution
		Debug|Any CPU = Debug|Any CPU
		Release|Any CPU = Release|Any CPU
	EndGlobalSection
	GlobalSection(ProjectConfigurationPlatforms) = postSolution
		{EB05090A-B47D-4BFF-873A-42D1D066D355}.Debug|Any CPU.ActiveCfg = Debug|Any CPU
		{EB05090A-B47D-4BFF-873A-42D1D066D355}.Debug|Any CPU.Build.0 = Debug|Any CPU
		{EB05090A-B47D-4BFF-873A-42D1D066D355}.Release|Any CPU.ActiveCfg = Release|Any CPU
		{EB05090A-B47D-4BFF-873A-42D1D066D355}.Release|Any CPU.Build.0 = Release|Any CPU
		{AB8484A2-F8EA-4B5C-9F6A-DB8A68E7F5B4}.Debug|Any CPU.ActiveCfg = Debug|Any CPU
		{AB8484A2-F8EA-4B5C-9F6A-DB8A68E7F5B4}.Debug|Any CPU.Build.0 = Debug|Any CPU
		{AB8484A2-F8EA-4B5C-9F6A-DB8A68E7F5B4}.Release|Any CPU.ActiveCfg = Release|Any CPU
		{AB8484A2-F8EA-4B5C-9F6A-DB8A68E7F5B4}.Release|Any CPU.Build.0 = Release|Any CPU
	EndGlobalSection
	GlobalSection(SolutionProperties) = preSolution
		HideSolutionNode = FALSE
	EndGlobalSection
	GlobalSection(ExtensibilityGlobals) = postSolution
		SolutionGuid = {2307D997-5505-4D75-855A-06AC616FCEB1}
	EndGlobalSection
EndGlobal
